
Microsoft Visual Studio Solution File, Format Version 12.00
# Visual Studio Version 17
VisualStudioVersion = 17.12.35527.113
MinimumVisualStudioVersion = 10.0.40219.1
Project("{FAE04EC0-301F-11D3-BF4B-00C04F79EFBC}") = "KeyChordMudBlazor", "KeyChordMudBlazor\KeyChordMudBlazor.csproj", "{2115CA0F-93AF-44B9-AEBF-DAFDC43AB472}"
EndProject
Project("{FAE04EC0-301F-11D3-BF4B-00C04F79EFBC}") = "KeyChordFinder.Services", "..\KeyChordFinder.Services\KeyChordFinder.Services.csproj", "{F3DFA494-071D-49CA-A1A6-AA1753CAFA02}"
EndProject
Project("{FAE04EC0-301F-11D3-BF4B-00C04F79EFBC}") = "KeyChordFinder.Data", "..\KeyChordFinder.Data\KeyChordFinder.Data.csproj", "{8D6DBEFF-BD4D-4708-A7CA-930788835D0C}"
EndProject
Global
	GlobalSection(SolutionConfigurationPlatforms) = preSolution
		Debug|Any CPU = Debug|Any CPU
		Release|Any CPU = Release|Any CPU
	EndGlobalSection
	GlobalSection(ProjectConfigurationPlatforms) = postSolution
		{2115CA0F-93AF-44B9-AEBF-DAFDC43AB472}.Debug|Any CPU.ActiveCfg = Debug|Any CPU
		{2115CA0F-93AF-44B9-AEBF-DAFDC43AB472}.Debug|Any CPU.Build.0 = Debug|Any CPU
		{2115CA0F-93AF-44B9-AEBF-DAFDC43AB472}.Debug|Any CPU.Deploy.0 = Debug|Any CPU
		{2115CA0F-93AF-44B9-AEBF-DAFDC43AB472}.Release|Any CPU.ActiveCfg = Release|Any CPU
		{2115CA0F-93AF-44B9-AEBF-DAFDC43AB472}.Release|Any CPU.Build.0 = Release|Any CPU
		{2115CA0F-93AF-44B9-AEBF-DAFDC43AB472}.Release|Any CPU.Deploy.0 = Release|Any CPU
		{F3DFA494-071D-49CA-A1A6-AA1753CAFA02}.Debug|Any CPU.ActiveCfg = Debug|Any CPU
		{F3DFA494-071D-49CA-A1A6-AA1753CAFA02}.Debug|Any CPU.Build.0 = Debug|Any CPU
		{F3DFA494-071D-49CA-A1A6-AA1753CAFA02}.Release|Any CPU.ActiveCfg = Release|Any CPU
		{F3DFA494-071D-49CA-A1A6-AA1753CAFA02}.Release|Any CPU.Build.0 = Release|Any CPU
		{8D6DBEFF-BD4D-4708-A7CA-930788835D0C}.Debug|Any CPU.ActiveCfg = Debug|Any CPU
		{8D6DBEFF-BD4D-4708-A7CA-930788835D0C}.Debug|Any CPU.Build.0 = Debug|Any CPU
		{8D6DBEFF-BD4D-4708-A7CA-930788835D0C}.Release|Any CPU.ActiveCfg = Release|Any CPU
		{8D6DBEFF-BD4D-4708-A7CA-930788835D0C}.Release|Any CPU.Build.0 = Release|Any CPU
	EndGlobalSection
	GlobalSection(SolutionProperties) = preSolution
		HideSolutionNode = FALSE
	EndGlobalSection
EndGlobal
